<?xml version="1.0" encoding="utf-8"?>
<Project ToolsVersion="4.0" xmlns="http://schemas.microsoft.com/developer/msbuild/2003">
  <ItemGroup>
    <Filter Include="源文件">
      <UniqueIdentifier>{4FC737F1-C7A5-4376-A066-2A32D752A2FF}</UniqueIdentifier>
      <Extensions>cpp;c;cc;cxx;def;odl;idl;hpj;bat;asm;asmx</Extensions>
    </Filter>
    <Filter Include="头文件">
      <UniqueIdentifier>{93995380-89BD-4b04-88EB-625FBE52EBFB}</UniqueIdentifier>
      <Extensions>h;hh;hpp;hxx;hm;inl;inc;xsd</Extensions>
    </Filter>
    <Filter Include="资源文件">
      <UniqueIdentifier>{67DA6AB6-F800-4c08-8B7A-83BB121AAD01}</UniqueIdentifier>
      <Extensions>rc;ico;cur;bmp;dlg;rc2;rct;bin;rgs;gif;jpg;jpeg;jpe;resx;tiff;tif;png;wav;mfcribbon-ms</Extensions>
    </Filter>
  </ItemGroup>
  <ItemGroup>
    <Text Include="ReadMe.txt" />
  </ItemGroup>
  <ItemGroup>
    <ClInclude Include="stdafx.h">
      <Filter>头文件</Filter>
    </ClInclude>
    <ClInclude Include="targetver.h">
      <Filter>头文件</Filter>
    </ClInclude>
    <ClInclude Include="Resource.h">
      <Filter>头文件</Filter>
    </ClInclude>
    <ClInclude Include="TestJobMangerSystem.h">
      <Filter>头文件</Filter>
    </ClInclude>
    <ClInclude Include="IJobManager.h">
      <Filter>头文件</Filter>
    </ClInclude>
    <ClInclude Include="IJobManager_JobDelegator.h">
      <Filter>头文件</Filter>
    </ClInclude>
    <ClInclude Include="JobManager.h">
      <Filter>头文件</Filter>
    </ClInclude>
    <ClInclude Include="IThreadConfigManager.h">
      <Filter>头文件</Filter>
    </ClInclude>
    <ClInclude Include="IThreadManager.h">
      <Filter>头文件</Filter>
    </ClInclude>
    <ClInclude Include="MultiThread_Containers.h">
      <Filter>头文件</Filter>
    </ClInclude>
    <ClInclude Include="Synchronization.h">
      <Filter>头文件</Filter>
    </ClInclude>
    <ClInclude Include="Win32specific.h">
      <Filter>头文件</Filter>
    </ClInclude>
    <ClInclude Include="MSVCspecific.h">
      <Filter>头文件</Filter>
    </ClInclude>
    <ClInclude Include="FallbackBackend\FallBackBackend.h">
      <Filter>头文件</Filter>
    </ClInclude>
    <ClInclude Include="BlockingBackend\BlockingBackEnd.h">
      <Filter>头文件</Filter>
    </ClInclude>
    <ClInclude Include="PCBackEnd\ThreadBackEnd.h">
      <Filter>头文件</Filter>
    </ClInclude>
    <ClInclude Include="ThreadConfigManager.h">
      <Filter>头文件</Filter>
    </ClInclude>
    <ClInclude Include="smartptr.h">
      <Filter>头文件</Filter>
    </ClInclude>
    <ClInclude Include="BitFiddling.h">
      <Filter>头文件</Filter>
    </ClInclude>
    <ClInclude Include="FairMonitor.h">
      <Filter>头文件</Filter>
    </ClInclude>
    <ClInclude Include="AngelicaAtomics.h">
      <Filter>头文件</Filter>
    </ClInclude>
    <ClInclude Include="AngelicaAtomics_impl_win32.h">
      <Filter>头文件</Filter>
    </ClInclude>
    <ClInclude Include="AngelicaAtomics_win32.h">
      <Filter>头文件</Filter>
    </ClInclude>
    <ClInclude Include="AngelicaThread.h">
      <Filter>头文件</Filter>
    </ClInclude>
    <ClInclude Include="AngelicaThreadImpl.h">
      <Filter>头文件</Filter>
    </ClInclude>
    <ClInclude Include="AngelicaThreadImpl_win32.h">
      <Filter>头文件</Filter>
    </ClInclude>
    <ClInclude Include="AngelicaThreadSafeRendererContainer.h">
      <Filter>头文件</Filter>
    </ClInclude>
    <ClInclude Include="AngelicaThread_win32.h">
      <Filter>头文件</Filter>
    </ClInclude>
  </ItemGroup>
  <ItemGroup>
    <ClCompile Include="stdafx.cpp">
      <Filter>源文件</Filter>
    </ClCompile>
    <ClCompile Include="TestJobMangerSystem.cpp">
      <Filter>源文件</Filter>
    </ClCompile>
    <ClCompile Include="JobManager.cpp">
      <Filter>源文件</Filter>
    </ClCompile>
    <ClCompile Include="FallbackBackend\FallbackBackend.cpp">
      <Filter>源文件</Filter>
    </ClCompile>
    <ClCompile Include="BlockingBackend\BlockingBackEnd.cpp">
      <Filter>源文件</Filter>
    </ClCompile>
    <ClCompile Include="PCBackEnd\ThreadBackEnd.cpp">
      <Filter>源文件</Filter>
    </ClCompile>
    <ClCompile Include="SystemThreading.cpp">
      <Filter>源文件</Filter>
    </ClCompile>
    <ClCompile Include="ThreadConfigManager.cpp">
      <Filter>源文件</Filter>
    </ClCompile>
    <ClCompile Include="FairMonitor.cpp">
      <Filter>源文件</Filter>
    </ClCompile>
  </ItemGroup>
  <ItemGroup>
    <ResourceCompile Include="TestJobMangerSystem.rc">
      <Filter>资源文件</Filter>
    </ResourceCompile>
  </ItemGroup>
  <ItemGroup>
    <Image Include="small.ico">
      <Filter>资源文件</Filter>
    </Image>
    <Image Include="TestJobMangerSystem.ico">
      <Filter>资源文件</Filter>
    </Image>
  </ItemGroup>
</Project>